{
    "_readme": [
        "This file locks the dependencies of your project to a known state",
        "Read more about it at https://getcomposer.org/doc/01-basic-usage.md#installing-dependencies",
        "This file is @generated automatically"
    ],
    "content-hash": "9d4a57493c294610cbb5b777c249c99a",
    "packages": [
        {
            "name": "firebase/php-jwt",
            "version": "dev-main",
            "source": {
                "type": "git",
                "url": "https://github.com/firebase/php-jwt.git",
                "reference": "f03270e63eaccf3019ef0f32849c497385774e11"
            },
            "dist": {
                "type": "zip",
                "url": "https://api.github.com/repos/firebase/php-jwt/zipball/f03270e63eaccf3019ef0f32849c497385774e11",
                "reference": "f03270e63eaccf3019ef0f32849c497385774e11",
                "shasum": ""
            },
            "require": {
                "php": "^7.4||^8.0"
            },
            "require-dev": {
                "guzzlehttp/guzzle": "^6.5||^7.4",
                "phpspec/prophecy-phpunit": "^2.0",
                "phpunit/phpunit": "^9.5",
                "psr/cache": "^1.0||^2.0",
                "psr/http-client": "^1.0",
                "psr/http-factory": "^1.0"
            },
            "suggest": {
                "ext-sodium": "Support EdDSA (Ed25519) signatures",
                "paragonie/sodium_compat": "Support EdDSA (Ed25519) signatures when libsodium is not present"
            },
            "default-branch": true,
            "type": "library",
            "autoload": {
                "psr-4": {
                    "Firebase\\JWT\\": "src"
                }
            },
            "notification-url": "https://packagist.org/downloads/",
            "license": [
                "BSD-3-Clause"
            ],
            "authors": [
                {
                    "name": "Neuman Vong",
                    "email": "neuman+pear@twilio.com",
                    "role": "Developer"
                },
                {
                    "name": "Anant Narayanan",
                    "email": "anant@php.net",
                    "role": "Developer"
                }
            ],
            "description": "A simple library to encode and decode JSON Web Tokens (JWT) in PHP. Should conform to the current spec.",
            "homepage": "https://github.com/firebase/php-jwt",
            "keywords": [
                "jwt",
                "php"
            ],
            "support": {
                "issues": "https://github.com/firebase/php-jwt/issues",
                "source": "https://github.com/firebase/php-jwt/tree/v6.9.0"
            },
            "time": "2023-10-05T00:24:42+00:00"
        },
        {
            "name": "krokedil/sign-in-with-klarna",
            "version": "dev-main",
            "dist": {
                "type": "path",
                "url": "/var/www/html/wp-content/plugins/sign-in-with-klarna",
                "reference": "f6439c28a4f4d5b0cd04e9f25cc5fff4d40fa8ee"
            },
            "require": {
                "firebase/php-jwt": "dev-main",
                "php": "~7.1 || ~8.0"
            },
            "require-dev": {
                "php-stubs/woocommerce-stubs": "dev-master",
                "php-stubs/wordpress-stubs": "^6.0",
                "wp-coding-standards/wpcs": "dev-develop"
            },
            "type": "library",
            "autoload": {
                "psr-4": {
                    "Krokedil\\SignInWithKlarna\\": "src/"
                }
            },
            "description": "Add \"Sign in with Klarna\" compatibility with your WooCommerce plugin.",
            "transport-options": {
                "symlink": true,
                "relative": false
            }
        },
        {
            "name": "krokedil/woocommerce",
            "version": "dev-develop-free-trial-shipping",
            "source": {
                "type": "git",
                "url": "https://github.com/krokedil/woocommerce.git",
                "reference": "abc47fcc65bd2c04d1d96e0a71245e98600f6dc5"
            },
            "dist": {
                "type": "zip",
                "url": "https://api.github.com/repos/krokedil/woocommerce/zipball/abc47fcc65bd2c04d1d96e0a71245e98600f6dc5",
                "reference": "abc47fcc65bd2c04d1d96e0a71245e98600f6dc5",
                "shasum": ""
            },
            "require-dev": {
                "php": "~7.1 || ~8.0",
                "php-stubs/woocommerce-stubs": "^7.2",
                "php-stubs/wordpress-stubs": "^6.1"
            },
            "type": "library",
            "autoload": {
                "psr-4": {
                    "Krokedil\\WooCommerce\\": "src/"
                }
            },
            "license": [
                "GPL-V2"
            ],
            "authors": [
                {
                    "name": "Krokedil AB",
                    "email": "info@krokedil.se"
                }
            ],
            "description": "A library package for Krokedils plugins that contains helper methods when working with WooCommerce.",
            "support": {
                "source": "https://github.com/krokedil/woocommerce/tree/develop-free-trial-shipping",
                "issues": "https://github.com/krokedil/woocommerce/issues"
            },
            "time": "2023-10-06T00:07:50+00:00"
        },
        {
            "name": "krokedil/wp-api",
            "version": "1.0.1",
            "source": {
                "type": "git",
                "url": "https://github.com/krokedil/wp-api.git",
                "reference": "5da83b450809821a80e2d1891da3bbb90c42d111"
            },
            "dist": {
                "type": "zip",
                "url": "https://api.github.com/repos/krokedil/wp-api/zipball/5da83b450809821a80e2d1891da3bbb90c42d111",
                "reference": "5da83b450809821a80e2d1891da3bbb90c42d111",
                "shasum": ""
            },
            "require-dev": {
                "php": "~7.1 || ~8.0",
                "php-stubs/woocommerce-stubs": "^7.2",
                "php-stubs/wordpress-stubs": "^6.1"
            },
            "type": "library",
            "autoload": {
                "psr-4": {
                    "Krokedil\\WpApi\\": "src/"
                }
            },
            "license": [
                "GPL-V2"
            ],
            "authors": [
                {
                    "name": "Krokedil AB",
                    "email": "info@krokedil.se"
                }
            ],
            "description": "A composer library for Krokedil WordPress plugins that contains classes for working with wp_remote_request to setup request classes. Also uses the WooCommerce logger to log request reponses.",
            "support": {
                "source": "https://github.com/krokedil/wp-api/tree/1.0.1",
                "issues": "https://github.com/krokedil/wp-api/issues"
            },
            "time": "2023-02-27T07:45:30+00:00"
        }
    ],
    "packages-dev": [
        {
            "name": "php-stubs/woocommerce-stubs",
            "version": "v7.9.0",
            "source": {
                "type": "git",
                "url": "https://github.com/php-stubs/woocommerce-stubs.git",
                "reference": "3a2f522e29451490c357af550227795d2b0fc55a"
            },
            "dist": {
                "type": "zip",
                "url": "https://api.github.com/repos/php-stubs/woocommerce-stubs/zipball/3a2f522e29451490c357af550227795d2b0fc55a",
                "reference": "3a2f522e29451490c357af550227795d2b0fc55a",
                "shasum": ""
            },
            "require": {
                "php-stubs/wordpress-stubs": "^5.3 || ^6.0"
            },
            "require-dev": {
                "php": "~7.1 || ~8.0",
                "php-stubs/generator": "^0.8.0"
            },
            "suggest": {
                "symfony/polyfill-php73": "Symfony polyfill backporting some PHP 7.3+ features to lower PHP versions",
                "szepeviktor/phpstan-wordpress": "WordPress extensions for PHPStan"
            },
            "type": "library",
            "notification-url": "https://packagist.org/downloads/",
            "license": [
                "MIT"
            ],
            "description": "WooCommerce function and class declaration stubs for static analysis.",
            "homepage": "https://github.com/php-stubs/woocommerce-stubs",
            "keywords": [
                "PHPStan",
                "static analysis",
                "woocommerce",
                "wordpress"
            ],
            "support": {
                "issues": "https://github.com/php-stubs/woocommerce-stubs/issues",
                "source": "https://github.com/php-stubs/woocommerce-stubs/tree/v7.9.0"
            },
            "time": "2023-07-17T22:41:38+00:00"
        },
        {
            "name": "php-stubs/wordpress-stubs",
            "version": "6.4.x-dev",
            "source": {
                "type": "git",
                "url": "https://github.com/php-stubs/wordpress-stubs.git",
                "reference": "7b48cdb201f30ac92b0da3c0ad661e315ddad8fd"
            },
            "dist": {
                "type": "zip",
                "url": "https://api.github.com/repos/php-stubs/wordpress-stubs/zipball/7b48cdb201f30ac92b0da3c0ad661e315ddad8fd",
                "reference": "7b48cdb201f30ac92b0da3c0ad661e315ddad8fd",
                "shasum": ""
            },
            "require-dev": {
                "dealerdirect/phpcodesniffer-composer-installer": "^1.0",
                "nikic/php-parser": "^4.13",
                "php": "^7.4 || ~8.0.0",
                "php-stubs/generator": "^0.8.3",
                "phpdocumentor/reflection-docblock": "^5.3",
                "phpstan/phpstan": "^1.10.12",
                "phpunit/phpunit": "^9.5",
                "szepeviktor/phpcs-psr-12-neutron-hybrid-ruleset": "^0.8"
            },
            "suggest": {
                "paragonie/sodium_compat": "Pure PHP implementation of libsodium",
                "symfony/polyfill-php80": "Symfony polyfill backporting some PHP 8.0+ features to lower PHP versions",
                "szepeviktor/phpstan-wordpress": "WordPress extensions for PHPStan"
            },
            "type": "library",
            "notification-url": "https://packagist.org/downloads/",
            "license": [
                "MIT"
            ],
            "description": "WordPress function and class declaration stubs for static analysis.",
            "homepage": "https://github.com/php-stubs/wordpress-stubs",
            "keywords": [
                "PHPStan",
                "static analysis",
                "wordpress"
            ],
            "support": {
                "issues": "https://github.com/php-stubs/wordpress-stubs/issues",
                "source": "https://github.com/php-stubs/wordpress-stubs/tree/6.4"
            },
            "time": "2023-11-01T17:56:43+00:00"
        },
        {
            "name": "squizlabs/php_codesniffer",
            "version": "dev-master",
            "source": {
                "type": "git",
                "url": "https://github.com/squizlabs/PHP_CodeSniffer.git",
                "reference": "7763e2e1f773cb0615ed8afa133189fc804f583d"
            },
            "dist": {
                "type": "zip",
                "url": "https://api.github.com/repos/squizlabs/PHP_CodeSniffer/zipball/7763e2e1f773cb0615ed8afa133189fc804f583d",
                "reference": "7763e2e1f773cb0615ed8afa133189fc804f583d",
                "shasum": ""
            },
            "require": {
                "ext-simplexml": "*",
                "ext-tokenizer": "*",
                "ext-xmlwriter": "*",
                "php": ">=5.4.0"
            },
            "require-dev": {
                "phpunit/phpunit": "^4.0 || ^5.0 || ^6.0 || ^7.0"
            },
            "default-branch": true,
            "bin": [
                "bin/phpcs",
                "bin/phpcbf"
            ],
            "type": "library",
            "extra": {
                "branch-alias": {
                    "dev-master": "3.x-dev"
                }
            },
            "notification-url": "https://packagist.org/downloads/",
            "license": [
                "BSD-3-Clause"
            ],
            "authors": [
                {
                    "name": "Greg Sherwood",
                    "role": "lead"
                }
            ],
            "description": "PHP_CodeSniffer tokenizes PHP, JavaScript and CSS files and detects violations of a defined set of coding standards.",
            "homepage": "https://github.com/squizlabs/PHP_CodeSniffer",
            "keywords": [
                "phpcs",
                "standards",
                "static analysis"
            ],
            "support": {
                "issues": "https://github.com/squizlabs/PHP_CodeSniffer/issues",
                "source": "https://github.com/squizlabs/PHP_CodeSniffer",
                "wiki": "https://github.com/squizlabs/PHP_CodeSniffer/wiki"
            },
            "time": "2023-11-02T00:47:31+00:00"
        },
        {
            "name": "wp-coding-standards/wpcs",
            "version": "2.3.0",
            "source": {
                "type": "git",
                "url": "https://github.com/WordPress/WordPress-Coding-Standards.git",
                "reference": "7da1894633f168fe244afc6de00d141f27517b62"
            },
            "dist": {
                "type": "zip",
                "url": "https://api.github.com/repos/WordPress/WordPress-Coding-Standards/zipball/7da1894633f168fe244afc6de00d141f27517b62",
                "reference": "7da1894633f168fe244afc6de00d141f27517b62",
                "shasum": ""
            },
            "require": {
                "php": ">=5.4",
                "squizlabs/php_codesniffer": "^3.3.1"
            },
            "require-dev": {
                "dealerdirect/phpcodesniffer-composer-installer": "^0.5 || ^0.6",
                "phpcompatibility/php-compatibility": "^9.0",
                "phpcsstandards/phpcsdevtools": "^1.0",
                "phpunit/phpunit": "^4.0 || ^5.0 || ^6.0 || ^7.0"
            },
            "suggest": {
                "dealerdirect/phpcodesniffer-composer-installer": "^0.6 || This Composer plugin will sort out the PHPCS 'installed_paths' automatically."
            },
            "type": "phpcodesniffer-standard",
            "notification-url": "https://packagist.org/downloads/",
            "license": [
                "MIT"
            ],
            "authors": [
                {
                    "name": "Contributors",
                    "homepage": "https://github.com/WordPress/WordPress-Coding-Standards/graphs/contributors"
                }
            ],
            "description": "PHP_CodeSniffer rules (sniffs) to enforce WordPress coding conventions",
            "keywords": [
                "phpcs",
                "standards",
                "wordpress"
            ],
            "support": {
                "issues": "https://github.com/WordPress/WordPress-Coding-Standards/issues",
                "source": "https://github.com/WordPress/WordPress-Coding-Standards",
                "wiki": "https://github.com/WordPress/WordPress-Coding-Standards/wiki"
            },
            "time": "2020-05-13T23:57:56+00:00"
        }
    ],
    "aliases": [
        {
            "package": "krokedil/woocommerce",
            "version": "dev-develop-free-trial-shipping",
            "alias": "1.3.1",
            "alias_normalized": "1.3.1.0"
        }
    ],
    "minimum-stability": "dev",
    "stability-flags": {
        "krokedil/sign-in-with-klarna": 20,
        "krokedil/woocommerce": 20
    },
    "prefer-stable": false,
    "prefer-lowest": false,
    "platform": [],
    "platform-dev": [],
    "plugin-api-version": "2.3.0"
}
