{
    "name": "klarna-order-management",
    "version": "1.1.0",
    "lockfileVersion": 3,
    "requires": true,
    "packages": {
        "": {
            "name": "klarna-order-management",
            "version": "1.1.0",
            "devDependencies": {
                "prettier": "npm:wp-prettier@^3.0.3"
            }
        },
        "node_modules/prettier": {
            "name": "wp-prettier",
            "version": "3.0.3",
            "resolved": "https://registry.npmjs.org/wp-prettier/-/wp-prettier-3.0.3.tgz",
            "integrity": "sha512-X4UlrxDTH8oom9qXlcjnydsjAOD2BmB6yFmvS4Z2zdTzqqpRWb+fbqrH412+l+OUXmbzJlSXjlMFYPgYG12IAA==",
            "dev": true,
            "license": "MIT",
            "bin": {
                "prettier": "bin/prettier.cjs"
            },
            "engines": {
                "node": ">=14"
            },
            "funding": {
                "url": "https://github.com/prettier/prettier?sponsor=1"
            }
        }
    }
}
